
Microsoft Visual Studio Solution File, Format Version 12.00
# Visual Studio Express 2013 for Windows Desktop
VisualStudioVersion = 12.0.21005.1
MinimumVisualStudioVersion = 10.0.40219.1
Project("{8BC9CEB8-8B4A-11D0-8D11-00A0C91BC942}") = "unit-test", "..\test\unit-test\unit-test.vcxproj", "{013AB841-F076-4F10-A1B0-4F2226429EC1}"
EndProject
Project("{8BC9CEB8-8B4A-11D0-8D11-00A0C91BC942}") = "cpp-instagram", "cpp-instagram.vcxproj", "{9EAC0142-2C53-41E7-B4C1-6D2DA3129C55}"
EndProject
Project("{8BC9CEB8-8B4A-11D0-8D11-00A0C91BC942}") = "integration-test", "..\test\integration-test\integration-test.vcxproj", "{F9ECD415-DAF9-4F74-AE5C-86D4F81480F4}"
	ProjectSection(ProjectDependencies) = postProject
		{9EAC0142-2C53-41E7-B4C1-6D2DA3129C55} = {9EAC0142-2C53-41E7-B4C1-6D2DA3129C55}
	EndProjectSection
EndProject
Global
	GlobalSection(SolutionConfigurationPlatforms) = preSolution
		Debug|Win32 = Debug|Win32
		Release|Win32 = Release|Win32
	EndGlobalSection
	GlobalSection(ProjectConfigurationPlatforms) = postSolution
		{013AB841-F076-4F10-A1B0-4F2226429EC1}.Debug|Win32.ActiveCfg = Debug|Win32
		{013AB841-F076-4F10-A1B0-4F2226429EC1}.Debug|Win32.Build.0 = Debug|Win32
		{013AB841-F076-4F10-A1B0-4F2226429EC1}.Release|Win32.ActiveCfg = Release|Win32
		{013AB841-F076-4F10-A1B0-4F2226429EC1}.Release|Win32.Build.0 = Release|Win32
		{9EAC0142-2C53-41E7-B4C1-6D2DA3129C55}.Debug|Win32.ActiveCfg = Debug|Win32
		{9EAC0142-2C53-41E7-B4C1-6D2DA3129C55}.Debug|Win32.Build.0 = Debug|Win32
		{9EAC0142-2C53-41E7-B4C1-6D2DA3129C55}.Release|Win32.ActiveCfg = Release|Win32
		{9EAC0142-2C53-41E7-B4C1-6D2DA3129C55}.Release|Win32.Build.0 = Release|Win32
		{F9ECD415-DAF9-4F74-AE5C-86D4F81480F4}.Debug|Win32.ActiveCfg = Debug|Win32
		{F9ECD415-DAF9-4F74-AE5C-86D4F81480F4}.Debug|Win32.Build.0 = Debug|Win32
		{F9ECD415-DAF9-4F74-AE5C-86D4F81480F4}.Release|Win32.ActiveCfg = Release|Win32
		{F9ECD415-DAF9-4F74-AE5C-86D4F81480F4}.Release|Win32.Build.0 = Release|Win32
	EndGlobalSection
	GlobalSection(SolutionProperties) = preSolution
		HideSolutionNode = FALSE
	EndGlobalSection
EndGlobal
